// !$*UTF8*$!
{
	archiveVersion = 1;
	classes = {
	};
	objectVersion = 56;
	objects = {

/* Begin PBXBuildFile section */
		7D09FD1B2AEB1F0100B9171B /* RMCharacterDetailViewController.swift in Sources */ = {isa = PBXBuildFile; fileRef = 7D09FD1A2AEB1F0100B9171B /* RMCharacterDetailViewController.swift */; };
		7D09FD1D2AEB20E200B9171B /* RMCharacterDetailView.swift in Sources */ = {isa = PBXBuildFile; fileRef = 7D09FD1C2AEB20E200B9171B /* RMCharacterDetailView.swift */; };
		7D09FD1F2AEB212D00B9171B /* RMCharacterDetailViewViewModel.swift in Sources */ = {isa = PBXBuildFile; fileRef = 7D09FD1E2AEB212D00B9171B /* RMCharacterDetailViewViewModel.swift */; };
		7D09FD212AEB2CB600B9171B /* RMFooterLoadingCollectionReusableView.swift in Sources */ = {isa = PBXBuildFile; fileRef = 7D09FD202AEB2CB600B9171B /* RMFooterLoadingCollectionReusableView.swift */; };
		7D5C31762AE3423B00C81DE9 /* AppDelegate.swift in Sources */ = {isa = PBXBuildFile; fileRef = 7D5C31752AE3423B00C81DE9 /* AppDelegate.swift */; };
		7D5C31782AE3423B00C81DE9 /* SceneDelegate.swift in Sources */ = {isa = PBXBuildFile; fileRef = 7D5C31772AE3423B00C81DE9 /* SceneDelegate.swift */; };
		7D5C317A2AE3423B00C81DE9 /* RMTabBarController.swift in Sources */ = {isa = PBXBuildFile; fileRef = 7D5C31792AE3423B00C81DE9 /* RMTabBarController.swift */; };
		7D5C317F2AE3423F00C81DE9 /* Assets.xcassets in Resources */ = {isa = PBXBuildFile; fileRef = 7D5C317E2AE3423F00C81DE9 /* Assets.xcassets */; };
		7D5C31822AE3423F00C81DE9 /* LaunchScreen.storyboard in Resources */ = {isa = PBXBuildFile; fileRef = 7D5C31802AE3423F00C81DE9 /* LaunchScreen.storyboard */; };
		7D5C31912AE347D000C81DE9 /* RMLocation.swift in Sources */ = {isa = PBXBuildFile; fileRef = 7D5C31902AE347D000C81DE9 /* RMLocation.swift */; };
		7D5C31932AE347E800C81DE9 /* RMCharacter.swift in Sources */ = {isa = PBXBuildFile; fileRef = 7D5C31922AE347E800C81DE9 /* RMCharacter.swift */; };
		7D5C31952AE347FA00C81DE9 /* RMEpisode.swift in Sources */ = {isa = PBXBuildFile; fileRef = 7D5C31942AE347FA00C81DE9 /* RMEpisode.swift */; };
		7D5C31982AE348C300C81DE9 /* RMCharacterViewController.swift in Sources */ = {isa = PBXBuildFile; fileRef = 7D5C31972AE348C300C81DE9 /* RMCharacterViewController.swift */; };
		7D5C319A2AE348EB00C81DE9 /* RMLocationViewController.swift in Sources */ = {isa = PBXBuildFile; fileRef = 7D5C31992AE348EB00C81DE9 /* RMLocationViewController.swift */; };
		7D5C319C2AE348FF00C81DE9 /* RMEpisodeViewController.swift in Sources */ = {isa = PBXBuildFile; fileRef = 7D5C319B2AE348FF00C81DE9 /* RMEpisodeViewController.swift */; };
		7D5C319E2AE3491000C81DE9 /* RMSettingsViewController.swift in Sources */ = {isa = PBXBuildFile; fileRef = 7D5C319D2AE3491000C81DE9 /* RMSettingsViewController.swift */; };
		7D5E85BC2AEEF6C700E6BE2D /* RMImageLoader.swift in Sources */ = {isa = PBXBuildFile; fileRef = 7D5E85BB2AEEF6C700E6BE2D /* RMImageLoader.swift */; };
		7D69F2E22AFAF776006ED872 /* RMEpisodeInfoCollectionViewCell.swift in Sources */ = {isa = PBXBuildFile; fileRef = 7D69F2E12AFAF776006ED872 /* RMEpisodeInfoCollectionViewCell.swift */; };
		7D69F2E52AFAF7E5006ED872 /* RMEpisodeInfoCollectionViewCellViewModel.swift in Sources */ = {isa = PBXBuildFile; fileRef = 7D69F2E42AFAF7E5006ED872 /* RMEpisodeInfoCollectionViewCellViewModel.swift */; };
		7D775A4E2AF46AFD003793DC /* RMEpisodeDetailViewController.swift in Sources */ = {isa = PBXBuildFile; fileRef = 7D775A4D2AF46AFD003793DC /* RMEpisodeDetailViewController.swift */; };
		7D785AB62AFC4D2800C9DD0D /* RMSettingsViewViewModel.swift in Sources */ = {isa = PBXBuildFile; fileRef = 7D785AB52AFC4D2800C9DD0D /* RMSettingsViewViewModel.swift */; };
		7D785AB82AFC4D8600C9DD0D /* RMSettingsCellViewModel.swift in Sources */ = {isa = PBXBuildFile; fileRef = 7D785AB72AFC4D8600C9DD0D /* RMSettingsCellViewModel.swift */; };
		7D785ABA2AFC4E4C00C9DD0D /* RMSettingsOption.swift in Sources */ = {isa = PBXBuildFile; fileRef = 7D785AB92AFC4E4C00C9DD0D /* RMSettingsOption.swift */; };
		7D8EF4402AE8747D004CDB4E /* RMGetAllCharactersResponse.swift in Sources */ = {isa = PBXBuildFile; fileRef = 7D8EF43F2AE8747D004CDB4E /* RMGetAllCharactersResponse.swift */; };
		7D8EF4422AE882FA004CDB4E /* RMCharacterListViewViewModel.swift in Sources */ = {isa = PBXBuildFile; fileRef = 7D8EF4412AE882FA004CDB4E /* RMCharacterListViewViewModel.swift */; };
		7D8EF4442AE8840E004CDB4E /* RMCharacterListView.swift in Sources */ = {isa = PBXBuildFile; fileRef = 7D8EF4432AE8840E004CDB4E /* RMCharacterListView.swift */; };
		7D8EF4462AE88B22004CDB4E /* Extensions.swift in Sources */ = {isa = PBXBuildFile; fileRef = 7D8EF4452AE88B22004CDB4E /* Extensions.swift */; };
		7D8EF4482AE8B118004CDB4E /* RMCharacterCollectionViewCell.swift in Sources */ = {isa = PBXBuildFile; fileRef = 7D8EF4472AE8B118004CDB4E /* RMCharacterCollectionViewCell.swift */; };
		7D8EF44A2AE8B37A004CDB4E /* RMCharacterCollectionViewCellViewModel.swift in Sources */ = {isa = PBXBuildFile; fileRef = 7D8EF4492AE8B37A004CDB4E /* RMCharacterCollectionViewCellViewModel.swift */; };
		7DB56F3F2AF5988D00598641 /* RMAPICacheManager.swift in Sources */ = {isa = PBXBuildFile; fileRef = 7DB56F3E2AF5988D00598641 /* RMAPICacheManager.swift */; };
		7DB56F412AF5AD1900598641 /* RMEpisodeDetailViewViewModel.swift in Sources */ = {isa = PBXBuildFile; fileRef = 7DB56F402AF5AD1900598641 /* RMEpisodeDetailViewViewModel.swift */; };
		7DB56F432AF5ADCD00598641 /* RMEpisodeDetailView.swift in Sources */ = {isa = PBXBuildFile; fileRef = 7DB56F422AF5ADCD00598641 /* RMEpisodeDetailView.swift */; };
		7DB56F462AF5B92C00598641 /* RMEpisodeListView.swift in Sources */ = {isa = PBXBuildFile; fileRef = 7DB56F452AF5B92C00598641 /* RMEpisodeListView.swift */; };
		7DB56F482AF5D55B00598641 /* RMEpisodeListViewViewModel.swift in Sources */ = {isa = PBXBuildFile; fileRef = 7DB56F472AF5D55B00598641 /* RMEpisodeListViewViewModel.swift */; };
		7DD457452AF1BBAB001E8849 /* RMCharacterPhotoCollectionViewCell.swift in Sources */ = {isa = PBXBuildFile; fileRef = 7DD457442AF1BBAB001E8849 /* RMCharacterPhotoCollectionViewCell.swift */; };
		7DD457472AF1BBE8001E8849 /* RMCharacterInfoCollectionViewCell.swift in Sources */ = {isa = PBXBuildFile; fileRef = 7DD457462AF1BBE8001E8849 /* RMCharacterInfoCollectionViewCell.swift */; };
		7DD457492AF1BBFB001E8849 /* RMCharacterEpisodeCollectionViewCell.swift in Sources */ = {isa = PBXBuildFile; fileRef = 7DD457482AF1BBFB001E8849 /* RMCharacterEpisodeCollectionViewCell.swift */; };
		7DD4574C2AF1BC8E001E8849 /* RMCharacterPhotoCollectionViewCellViewModel.swift in Sources */ = {isa = PBXBuildFile; fileRef = 7DD4574B2AF1BC8E001E8849 /* RMCharacterPhotoCollectionViewCellViewModel.swift */; };
		7DD4574E2AF1BCB4001E8849 /* RMCharacterInfoCollectionViewCellViewModel.swift in Sources */ = {isa = PBXBuildFile; fileRef = 7DD4574D2AF1BCB4001E8849 /* RMCharacterInfoCollectionViewCellViewModel.swift */; };
		7DD457502AF1BCEE001E8849 /* RMCharacterEpisodeCollectionViewCellViewModel.swift in Sources */ = {isa = PBXBuildFile; fileRef = 7DD4574F2AF1BCEE001E8849 /* RMCharacterEpisodeCollectionViewCellViewModel.swift */; };
		7DEA76392AF99A35008FF6F5 /* RMGetAllEpisodesResponse.swift in Sources */ = {isa = PBXBuildFile; fileRef = 7DEA76382AF99A35008FF6F5 /* RMGetAllEpisodesResponse.swift */; };
		7DEA763B2AF9D4C2008FF6F5 /* RMSearchViewController.swift in Sources */ = {isa = PBXBuildFile; fileRef = 7DEA763A2AF9D4C2008FF6F5 /* RMSearchViewController.swift */; };
		7DF2DD312AE7256700A59098 /* RMService.swift in Sources */ = {isa = PBXBuildFile; fileRef = 7DF2DD302AE7256700A59098 /* RMService.swift */; };
		7DF2DD332AE7258100A59098 /* RMRequest.swift in Sources */ = {isa = PBXBuildFile; fileRef = 7DF2DD322AE7258100A59098 /* RMRequest.swift */; };
		7DF2DD352AE7277B00A59098 /* RMEndpoint.swift in Sources */ = {isa = PBXBuildFile; fileRef = 7DF2DD342AE7277B00A59098 /* RMEndpoint.swift */; };
		7DF2DD372AE7317400A59098 /* RMOrigin.swift in Sources */ = {isa = PBXBuildFile; fileRef = 7DF2DD362AE7317400A59098 /* RMOrigin.swift */; };
		7DF2DD392AE7324600A59098 /* RMSingleLocation.swift in Sources */ = {isa = PBXBuildFile; fileRef = 7DF2DD382AE7324600A59098 /* RMSingleLocation.swift */; };
		7DF2DD3B2AE735F100A59098 /* RMCharacterStatus.swift in Sources */ = {isa = PBXBuildFile; fileRef = 7DF2DD3A2AE735F100A59098 /* RMCharacterStatus.swift */; };
		7DF2DD3D2AE7363800A59098 /* RMCharacterGender.swift in Sources */ = {isa = PBXBuildFile; fileRef = 7DF2DD3C2AE7363800A59098 /* RMCharacterGender.swift */; };
/* End PBXBuildFile section */

/* Begin PBXFileReference section */
		7D09FD1A2AEB1F0100B9171B /* RMCharacterDetailViewController.swift */ = {isa = PBXFileReference; lastKnownFileType = sourcecode.swift; path = RMCharacterDetailViewController.swift; sourceTree = "<group>"; };
		7D09FD1C2AEB20E200B9171B /* RMCharacterDetailView.swift */ = {isa = PBXFileReference; lastKnownFileType = sourcecode.swift; path = RMCharacterDetailView.swift; sourceTree = "<group>"; };
		7D09FD1E2AEB212D00B9171B /* RMCharacterDetailViewViewModel.swift */ = {isa = PBXFileReference; lastKnownFileType = sourcecode.swift; path = RMCharacterDetailViewViewModel.swift; sourceTree = "<group>"; };
		7D09FD202AEB2CB600B9171B /* RMFooterLoadingCollectionReusableView.swift */ = {isa = PBXFileReference; lastKnownFileType = sourcecode.swift; path = RMFooterLoadingCollectionReusableView.swift; sourceTree = "<group>"; };
		7D5C31722AE3423B00C81DE9 /* RickAndMorty.app */ = {isa = PBXFileReference; explicitFileType = wrapper.application; includeInIndex = 0; path = RickAndMorty.app; sourceTree = BUILT_PRODUCTS_DIR; };
		7D5C31752AE3423B00C81DE9 /* AppDelegate.swift */ = {isa = PBXFileReference; lastKnownFileType = sourcecode.swift; path = AppDelegate.swift; sourceTree = "<group>"; };
		7D5C31772AE3423B00C81DE9 /* SceneDelegate.swift */ = {isa = PBXFileReference; lastKnownFileType = sourcecode.swift; path = SceneDelegate.swift; sourceTree = "<group>"; };
		7D5C31792AE3423B00C81DE9 /* RMTabBarController.swift */ = {isa = PBXFileReference; lastKnownFileType = sourcecode.swift; path = RMTabBarController.swift; sourceTree = "<group>"; };
		7D5C317E2AE3423F00C81DE9 /* Assets.xcassets */ = {isa = PBXFileReference; lastKnownFileType = folder.assetcatalog; path = Assets.xcassets; sourceTree = "<group>"; };
		7D5C31812AE3423F00C81DE9 /* Base */ = {isa = PBXFileReference; lastKnownFileType = file.storyboard; name = Base; path = Base.lproj/LaunchScreen.storyboard; sourceTree = "<group>"; };
		7D5C31832AE3423F00C81DE9 /* Info.plist */ = {isa = PBXFileReference; lastKnownFileType = text.plist.xml; path = Info.plist; sourceTree = "<group>"; };
		7D5C31902AE347D000C81DE9 /* RMLocation.swift */ = {isa = PBXFileReference; lastKnownFileType = sourcecode.swift; path = RMLocation.swift; sourceTree = "<group>"; };
		7D5C31922AE347E800C81DE9 /* RMCharacter.swift */ = {isa = PBXFileReference; lastKnownFileType = sourcecode.swift; path = RMCharacter.swift; sourceTree = "<group>"; };
		7D5C31942AE347FA00C81DE9 /* RMEpisode.swift */ = {isa = PBXFileReference; lastKnownFileType = sourcecode.swift; path = RMEpisode.swift; sourceTree = "<group>"; };
		7D5C31972AE348C300C81DE9 /* RMCharacterViewController.swift */ = {isa = PBXFileReference; lastKnownFileType = sourcecode.swift; path = RMCharacterViewController.swift; sourceTree = "<group>"; };
		7D5C31992AE348EB00C81DE9 /* RMLocationViewController.swift */ = {isa = PBXFileReference; lastKnownFileType = sourcecode.swift; path = RMLocationViewController.swift; sourceTree = "<group>"; };
		7D5C319B2AE348FF00C81DE9 /* RMEpisodeViewController.swift */ = {isa = PBXFileReference; lastKnownFileType = sourcecode.swift; path = RMEpisodeViewController.swift; sourceTree = "<group>"; };
		7D5C319D2AE3491000C81DE9 /* RMSettingsViewController.swift */ = {isa = PBXFileReference; lastKnownFileType = sourcecode.swift; path = RMSettingsViewController.swift; sourceTree = "<group>"; };
		7D5E85BB2AEEF6C700E6BE2D /* RMImageLoader.swift */ = {isa = PBXFileReference; lastKnownFileType = sourcecode.swift; path = RMImageLoader.swift; sourceTree = "<group>"; };
		7D69F2E12AFAF776006ED872 /* RMEpisodeInfoCollectionViewCell.swift */ = {isa = PBXFileReference; lastKnownFileType = sourcecode.swift; path = RMEpisodeInfoCollectionViewCell.swift; sourceTree = "<group>"; };
		7D69F2E42AFAF7E5006ED872 /* RMEpisodeInfoCollectionViewCellViewModel.swift */ = {isa = PBXFileReference; lastKnownFileType = sourcecode.swift; path = RMEpisodeInfoCollectionViewCellViewModel.swift; sourceTree = "<group>"; };
		7D775A4D2AF46AFD003793DC /* RMEpisodeDetailViewController.swift */ = {isa = PBXFileReference; lastKnownFileType = sourcecode.swift; path = RMEpisodeDetailViewController.swift; sourceTree = "<group>"; };
		7D785AB52AFC4D2800C9DD0D /* RMSettingsViewViewModel.swift */ = {isa = PBXFileReference; lastKnownFileType = sourcecode.swift; path = RMSettingsViewViewModel.swift; sourceTree = "<group>"; };
		7D785AB72AFC4D8600C9DD0D /* RMSettingsCellViewModel.swift */ = {isa = PBXFileReference; lastKnownFileType = sourcecode.swift; path = RMSettingsCellViewModel.swift; sourceTree = "<group>"; };
		7D785AB92AFC4E4C00C9DD0D /* RMSettingsOption.swift */ = {isa = PBXFileReference; lastKnownFileType = sourcecode.swift; path = RMSettingsOption.swift; sourceTree = "<group>"; };
		7D8EF43F2AE8747D004CDB4E /* RMGetAllCharactersResponse.swift */ = {isa = PBXFileReference; lastKnownFileType = sourcecode.swift; path = RMGetAllCharactersResponse.swift; sourceTree = "<group>"; };
		7D8EF4412AE882FA004CDB4E /* RMCharacterListViewViewModel.swift */ = {isa = PBXFileReference; lastKnownFileType = sourcecode.swift; path = RMCharacterListViewViewModel.swift; sourceTree = "<group>"; };
		7D8EF4432AE8840E004CDB4E /* RMCharacterListView.swift */ = {isa = PBXFileReference; lastKnownFileType = sourcecode.swift; path = RMCharacterListView.swift; sourceTree = "<group>"; };
		7D8EF4452AE88B22004CDB4E /* Extensions.swift */ = {isa = PBXFileReference; lastKnownFileType = sourcecode.swift; path = Extensions.swift; sourceTree = "<group>"; };
		7D8EF4472AE8B118004CDB4E /* RMCharacterCollectionViewCell.swift */ = {isa = PBXFileReference; lastKnownFileType = sourcecode.swift; path = RMCharacterCollectionViewCell.swift; sourceTree = "<group>"; };
		7D8EF4492AE8B37A004CDB4E /* RMCharacterCollectionViewCellViewModel.swift */ = {isa = PBXFileReference; lastKnownFileType = sourcecode.swift; path = RMCharacterCollectionViewCellViewModel.swift; sourceTree = "<group>"; };
		7DB56F3E2AF5988D00598641 /* RMAPICacheManager.swift */ = {isa = PBXFileReference; lastKnownFileType = sourcecode.swift; path = RMAPICacheManager.swift; sourceTree = "<group>"; };
		7DB56F402AF5AD1900598641 /* RMEpisodeDetailViewViewModel.swift */ = {isa = PBXFileReference; lastKnownFileType = sourcecode.swift; path = RMEpisodeDetailViewViewModel.swift; sourceTree = "<group>"; };
		7DB56F422AF5ADCD00598641 /* RMEpisodeDetailView.swift */ = {isa = PBXFileReference; lastKnownFileType = sourcecode.swift; path = RMEpisodeDetailView.swift; sourceTree = "<group>"; };
		7DB56F452AF5B92C00598641 /* RMEpisodeListView.swift */ = {isa = PBXFileReference; lastKnownFileType = sourcecode.swift; path = RMEpisodeListView.swift; sourceTree = "<group>"; };
		7DB56F472AF5D55B00598641 /* RMEpisodeListViewViewModel.swift */ = {isa = PBXFileReference; lastKnownFileType = sourcecode.swift; path = RMEpisodeListViewViewModel.swift; sourceTree = "<group>"; };
		7DD457442AF1BBAB001E8849 /* RMCharacterPhotoCollectionViewCell.swift */ = {isa = PBXFileReference; lastKnownFileType = sourcecode.swift; path = RMCharacterPhotoCollectionViewCell.swift; sourceTree = "<group>"; };
		7DD457462AF1BBE8001E8849 /* RMCharacterInfoCollectionViewCell.swift */ = {isa = PBXFileReference; lastKnownFileType = sourcecode.swift; path = RMCharacterInfoCollectionViewCell.swift; sourceTree = "<group>"; };
		7DD457482AF1BBFB001E8849 /* RMCharacterEpisodeCollectionViewCell.swift */ = {isa = PBXFileReference; lastKnownFileType = sourcecode.swift; path = RMCharacterEpisodeCollectionViewCell.swift; sourceTree = "<group>"; };
		7DD4574B2AF1BC8E001E8849 /* RMCharacterPhotoCollectionViewCellViewModel.swift */ = {isa = PBXFileReference; lastKnownFileType = sourcecode.swift; path = RMCharacterPhotoCollectionViewCellViewModel.swift; sourceTree = "<group>"; };
		7DD4574D2AF1BCB4001E8849 /* RMCharacterInfoCollectionViewCellViewModel.swift */ = {isa = PBXFileReference; lastKnownFileType = sourcecode.swift; path = RMCharacterInfoCollectionViewCellViewModel.swift; sourceTree = "<group>"; };
		7DD4574F2AF1BCEE001E8849 /* RMCharacterEpisodeCollectionViewCellViewModel.swift */ = {isa = PBXFileReference; lastKnownFileType = sourcecode.swift; path = RMCharacterEpisodeCollectionViewCellViewModel.swift; sourceTree = "<group>"; };
		7DEA76382AF99A35008FF6F5 /* RMGetAllEpisodesResponse.swift */ = {isa = PBXFileReference; lastKnownFileType = sourcecode.swift; path = RMGetAllEpisodesResponse.swift; sourceTree = "<group>"; };
		7DEA763A2AF9D4C2008FF6F5 /* RMSearchViewController.swift */ = {isa = PBXFileReference; lastKnownFileType = sourcecode.swift; path = RMSearchViewController.swift; sourceTree = "<group>"; };
		7DF2DD302AE7256700A59098 /* RMService.swift */ = {isa = PBXFileReference; lastKnownFileType = sourcecode.swift; path = RMService.swift; sourceTree = "<group>"; };
		7DF2DD322AE7258100A59098 /* RMRequest.swift */ = {isa = PBXFileReference; lastKnownFileType = sourcecode.swift; path = RMRequest.swift; sourceTree = "<group>"; };
		7DF2DD342AE7277B00A59098 /* RMEndpoint.swift */ = {isa = PBXFileReference; lastKnownFileType = sourcecode.swift; path = RMEndpoint.swift; sourceTree = "<group>"; };
		7DF2DD362AE7317400A59098 /* RMOrigin.swift */ = {isa = PBXFileReference; lastKnownFileType = sourcecode.swift; path = RMOrigin.swift; sourceTree = "<group>"; };
		7DF2DD382AE7324600A59098 /* RMSingleLocation.swift */ = {isa = PBXFileReference; lastKnownFileType = sourcecode.swift; path = RMSingleLocation.swift; sourceTree = "<group>"; };
		7DF2DD3A2AE735F100A59098 /* RMCharacterStatus.swift */ = {isa = PBXFileReference; lastKnownFileType = sourcecode.swift; path = RMCharacterStatus.swift; sourceTree = "<group>"; };
		7DF2DD3C2AE7363800A59098 /* RMCharacterGender.swift */ = {isa = PBXFileReference; lastKnownFileType = sourcecode.swift; path = RMCharacterGender.swift; sourceTree = "<group>"; };
/* End PBXFileReference section */

/* Begin PBXFrameworksBuildPhase section */
		7D5C316F2AE3423B00C81DE9 /* Frameworks */ = {
			isa = PBXFrameworksBuildPhase;
			buildActionMask = 2147483647;
			files = (
			);
			runOnlyForDeploymentPostprocessing = 0;
		};
/* End PBXFrameworksBuildPhase section */

/* Begin PBXGroup section */
		7D09FD192AEB1EB600B9171B /* Other */ = {
			isa = PBXGroup;
			children = (
				7D09FD1A2AEB1F0100B9171B /* RMCharacterDetailViewController.swift */,
				7D775A4D2AF46AFD003793DC /* RMEpisodeDetailViewController.swift */,
				7DEA763A2AF9D4C2008FF6F5 /* RMSearchViewController.swift */,
			);
			path = Other;
			sourceTree = "<group>";
		};
		7D5C31692AE3423B00C81DE9 = {
			isa = PBXGroup;
			children = (
				7D5C31742AE3423B00C81DE9 /* RickAndMorty */,
				7D5C31732AE3423B00C81DE9 /* Products */,
			);
			sourceTree = "<group>";
		};
		7D5C31732AE3423B00C81DE9 /* Products */ = {
			isa = PBXGroup;
			children = (
				7D5C31722AE3423B00C81DE9 /* RickAndMorty.app */,
			);
			name = Products;
			sourceTree = "<group>";
		};
		7D5C31742AE3423B00C81DE9 /* RickAndMorty */ = {
			isa = PBXGroup;
			children = (
				7D5C318F2AE3471100C81DE9 /* Resources */,
				7D5C318D2AE346C300C81DE9 /* Managers */,
				7D5C318E2AE346CD00C81DE9 /* APIClient */,
				7D5C318C2AE346BA00C81DE9 /* ViewModels */,
				7D5C318B2AE346A900C81DE9 /* Views */,
				7D5C318A2AE3469800C81DE9 /* Models */,
				7D5C31892AE3468800C81DE9 /* Controllers */,
				7D5C31832AE3423F00C81DE9 /* Info.plist */,
			);
			path = RickAndMorty;
			sourceTree = "<group>";
		};
		7D5C31892AE3468800C81DE9 /* Controllers */ = {
			isa = PBXGroup;
			children = (
				7D09FD192AEB1EB600B9171B /* Other */,
				7D5C31962AE3488500C81DE9 /* Core */,
			);
			path = Controllers;
			sourceTree = "<group>";
		};
		7D5C318A2AE3469800C81DE9 /* Models */ = {
			isa = PBXGroup;
			children = (
				7D8EF43E2AE87430004CDB4E /* APIResponseTypes */,
				7D8EF43D2AE87411004CDB4E /* DataTypes */,
			);
			path = Models;
			sourceTree = "<group>";
		};
		7D5C318B2AE346A900C81DE9 /* Views */ = {
			isa = PBXGroup;
			children = (
				7D69F2E02AFAF6FD006ED872 /* EpisodeDetails */,
				7DB56F442AF5B8FE00598641 /* Episode */,
				7DD457422AF1BB0A001E8849 /* CharacterDetails */,
				7DD457432AF1BB2D001E8849 /* Character */,
				7D09FD202AEB2CB600B9171B /* RMFooterLoadingCollectionReusableView.swift */,
			);
			path = Views;
			sourceTree = "<group>";
		};
		7D5C318C2AE346BA00C81DE9 /* ViewModels */ = {
			isa = PBXGroup;
			children = (
				7D785AB42AFC4CFF00C9DD0D /* Settings */,
				7D69F2E32AFAF79F006ED872 /* EpisodeDetail */,
				7DD4574A2AF1BC12001E8849 /* CharacterDetail */,
				7D8EF4412AE882FA004CDB4E /* RMCharacterListViewViewModel.swift */,
				7D8EF4492AE8B37A004CDB4E /* RMCharacterCollectionViewCellViewModel.swift */,
				7DB56F472AF5D55B00598641 /* RMEpisodeListViewViewModel.swift */,
			);
			path = ViewModels;
			sourceTree = "<group>";
		};
		7D5C318D2AE346C300C81DE9 /* Managers */ = {
			isa = PBXGroup;
			children = (
				7D5E85BB2AEEF6C700E6BE2D /* RMImageLoader.swift */,
				7DB56F3E2AF5988D00598641 /* RMAPICacheManager.swift */,
			);
			path = Managers;
			sourceTree = "<group>";
		};
		7D5C318E2AE346CD00C81DE9 /* APIClient */ = {
			isa = PBXGroup;
			children = (
				7DF2DD302AE7256700A59098 /* RMService.swift */,
				7DF2DD322AE7258100A59098 /* RMRequest.swift */,
				7DF2DD342AE7277B00A59098 /* RMEndpoint.swift */,
			);
			path = APIClient;
			sourceTree = "<group>";
		};
		7D5C318F2AE3471100C81DE9 /* Resources */ = {
			isa = PBXGroup;
			children = (
				7D5C317E2AE3423F00C81DE9 /* Assets.xcassets */,
				7D5C31802AE3423F00C81DE9 /* LaunchScreen.storyboard */,
				7D5C31752AE3423B00C81DE9 /* AppDelegate.swift */,
				7D5C31772AE3423B00C81DE9 /* SceneDelegate.swift */,
				7D8EF4452AE88B22004CDB4E /* Extensions.swift */,
			);
			path = Resources;
			sourceTree = "<group>";
		};
		7D5C31962AE3488500C81DE9 /* Core */ = {
			isa = PBXGroup;
			children = (
				7D5C31792AE3423B00C81DE9 /* RMTabBarController.swift */,
				7D5C31972AE348C300C81DE9 /* RMCharacterViewController.swift */,
				7D5C31992AE348EB00C81DE9 /* RMLocationViewController.swift */,
				7D5C319B2AE348FF00C81DE9 /* RMEpisodeViewController.swift */,
				7D5C319D2AE3491000C81DE9 /* RMSettingsViewController.swift */,
			);
			path = Core;
			sourceTree = "<group>";
		};
		7D69F2E02AFAF6FD006ED872 /* EpisodeDetails */ = {
			isa = PBXGroup;
			children = (
				7DB56F422AF5ADCD00598641 /* RMEpisodeDetailView.swift */,
				7D69F2E12AFAF776006ED872 /* RMEpisodeInfoCollectionViewCell.swift */,
			);
			path = EpisodeDetails;
			sourceTree = "<group>";
		};
		7D69F2E32AFAF79F006ED872 /* EpisodeDetail */ = {
			isa = PBXGroup;
			children = (
				7DB56F402AF5AD1900598641 /* RMEpisodeDetailViewViewModel.swift */,
				7D69F2E42AFAF7E5006ED872 /* RMEpisodeInfoCollectionViewCellViewModel.swift */,
			);
			path = EpisodeDetail;
			sourceTree = "<group>";
		};
		7D785AB42AFC4CFF00C9DD0D /* Settings */ = {
			isa = PBXGroup;
			children = (
				7D785AB52AFC4D2800C9DD0D /* RMSettingsViewViewModel.swift */,
				7D785AB72AFC4D8600C9DD0D /* RMSettingsCellViewModel.swift */,
				7D785AB92AFC4E4C00C9DD0D /* RMSettingsOption.swift */,
			);
			path = Settings;
			sourceTree = "<group>";
		};
		7D8EF43D2AE87411004CDB4E /* DataTypes */ = {
			isa = PBXGroup;
			children = (
				7D5C31922AE347E800C81DE9 /* RMCharacter.swift */,
				7D5C31942AE347FA00C81DE9 /* RMEpisode.swift */,
				7DF2DD362AE7317400A59098 /* RMOrigin.swift */,
				7DF2DD382AE7324600A59098 /* RMSingleLocation.swift */,
				7DF2DD3A2AE735F100A59098 /* RMCharacterStatus.swift */,
				7DF2DD3C2AE7363800A59098 /* RMCharacterGender.swift */,
				7D5C31902AE347D000C81DE9 /* RMLocation.swift */,
			);
			name = DataTypes;
			sourceTree = "<group>";
		};
		7D8EF43E2AE87430004CDB4E /* APIResponseTypes */ = {
			isa = PBXGroup;
			children = (
				7D8EF43F2AE8747D004CDB4E /* RMGetAllCharactersResponse.swift */,
				7DEA76382AF99A35008FF6F5 /* RMGetAllEpisodesResponse.swift */,
			);
			name = APIResponseTypes;
			sourceTree = "<group>";
		};
		7DB56F442AF5B8FE00598641 /* Episode */ = {
			isa = PBXGroup;
			children = (
				7DB56F452AF5B92C00598641 /* RMEpisodeListView.swift */,
			);
			path = Episode;
			sourceTree = "<group>";
		};
		7DD457422AF1BB0A001E8849 /* CharacterDetails */ = {
			isa = PBXGroup;
			children = (
				7D09FD1C2AEB20E200B9171B /* RMCharacterDetailView.swift */,
				7DD457442AF1BBAB001E8849 /* RMCharacterPhotoCollectionViewCell.swift */,
				7DD457462AF1BBE8001E8849 /* RMCharacterInfoCollectionViewCell.swift */,
				7DD457482AF1BBFB001E8849 /* RMCharacterEpisodeCollectionViewCell.swift */,
			);
			path = CharacterDetails;
			sourceTree = "<group>";
		};
		7DD457432AF1BB2D001E8849 /* Character */ = {
			isa = PBXGroup;
			children = (
				7D8EF4432AE8840E004CDB4E /* RMCharacterListView.swift */,
				7D8EF4472AE8B118004CDB4E /* RMCharacterCollectionViewCell.swift */,
			);
			path = Character;
			sourceTree = "<group>";
		};
		7DD4574A2AF1BC12001E8849 /* CharacterDetail */ = {
			isa = PBXGroup;
			children = (
				7D09FD1E2AEB212D00B9171B /* RMCharacterDetailViewViewModel.swift */,
				7DD4574B2AF1BC8E001E8849 /* RMCharacterPhotoCollectionViewCellViewModel.swift */,
				7DD4574D2AF1BCB4001E8849 /* RMCharacterInfoCollectionViewCellViewModel.swift */,
				7DD4574F2AF1BCEE001E8849 /* RMCharacterEpisodeCollectionViewCellViewModel.swift */,
			);
			path = CharacterDetail;
			sourceTree = "<group>";
		};
/* End PBXGroup section */

/* Begin PBXNativeTarget section */
		7D5C31712AE3423B00C81DE9 /* RickAndMorty */ = {
			isa = PBXNativeTarget;
			buildConfigurationList = 7D5C31862AE3423F00C81DE9 /* Build configuration list for PBXNativeTarget "RickAndMorty" */;
			buildPhases = (
				7D5C316E2AE3423B00C81DE9 /* Sources */,
				7D5C316F2AE3423B00C81DE9 /* Frameworks */,
				7D5C31702AE3423B00C81DE9 /* Resources */,
			);
			buildRules = (
			);
			dependencies = (
			);
			name = RickAndMorty;
			productName = RickAndMorty;
			productReference = 7D5C31722AE3423B00C81DE9 /* RickAndMorty.app */;
			productType = "com.apple.product-type.application";
		};
/* End PBXNativeTarget section */

/* Begin PBXProject section */
		7D5C316A2AE3423B00C81DE9 /* Project object */ = {
			isa = PBXProject;
			attributes = {
				BuildIndependentTargetsInParallel = 1;
				LastSwiftUpdateCheck = 1500;
				LastUpgradeCheck = 1500;
				TargetAttributes = {
					7D5C31712AE3423B00C81DE9 = {
						CreatedOnToolsVersion = 15.0;
					};
				};
			};
			buildConfigurationList = 7D5C316D2AE3423B00C81DE9 /* Build configuration list for PBXProject "RickAndMorty" */;
			compatibilityVersion = "Xcode 14.0";
			developmentRegion = en;
			hasScannedForEncodings = 0;
			knownRegions = (
				en,
				Base,
			);
			mainGroup = 7D5C31692AE3423B00C81DE9;
			productRefGroup = 7D5C31732AE3423B00C81DE9 /* Products */;
			projectDirPath = "";
			projectRoot = "";
			targets = (
				7D5C31712AE3423B00C81DE9 /* RickAndMorty */,
			);
		};
/* End PBXProject section */

/* Begin PBXResourcesBuildPhase section */
		7D5C31702AE3423B00C81DE9 /* Resources */ = {
			isa = PBXResourcesBuildPhase;
			buildActionMask = 2147483647;
			files = (
				7D5C31822AE3423F00C81DE9 /* LaunchScreen.storyboard in Resources */,
				7D5C317F2AE3423F00C81DE9 /* Assets.xcassets in Resources */,
			);
			runOnlyForDeploymentPostprocessing = 0;
		};
/* End PBXResourcesBuildPhase section */

/* Begin PBXSourcesBuildPhase section */
		7D5C316E2AE3423B00C81DE9 /* Sources */ = {
			isa = PBXSourcesBuildPhase;
			buildActionMask = 2147483647;
			files = (
				7D8EF4402AE8747D004CDB4E /* RMGetAllCharactersResponse.swift in Sources */,
				7D09FD1F2AEB212D00B9171B /* RMCharacterDetailViewViewModel.swift in Sources */,
				7DF2DD372AE7317400A59098 /* RMOrigin.swift in Sources */,
				7DEA763B2AF9D4C2008FF6F5 /* RMSearchViewController.swift in Sources */,
				7D8EF4442AE8840E004CDB4E /* RMCharacterListView.swift in Sources */,
				7DF2DD392AE7324600A59098 /* RMSingleLocation.swift in Sources */,
				7DD457502AF1BCEE001E8849 /* RMCharacterEpisodeCollectionViewCellViewModel.swift in Sources */,
				7DF2DD3B2AE735F100A59098 /* RMCharacterStatus.swift in Sources */,
				7DF2DD3D2AE7363800A59098 /* RMCharacterGender.swift in Sources */,
				7D09FD1B2AEB1F0100B9171B /* RMCharacterDetailViewController.swift in Sources */,
				7DB56F462AF5B92C00598641 /* RMEpisodeListView.swift in Sources */,
				7D09FD212AEB2CB600B9171B /* RMFooterLoadingCollectionReusableView.swift in Sources */,
				7D5C319A2AE348EB00C81DE9 /* RMLocationViewController.swift in Sources */,
				7D5C31952AE347FA00C81DE9 /* RMEpisode.swift in Sources */,
				7D785AB62AFC4D2800C9DD0D /* RMSettingsViewViewModel.swift in Sources */,
				7DD457472AF1BBE8001E8849 /* RMCharacterInfoCollectionViewCell.swift in Sources */,
				7DD4574E2AF1BCB4001E8849 /* RMCharacterInfoCollectionViewCellViewModel.swift in Sources */,
				7D5C317A2AE3423B00C81DE9 /* RMTabBarController.swift in Sources */,
				7D785ABA2AFC4E4C00C9DD0D /* RMSettingsOption.swift in Sources */,
				7D8EF4482AE8B118004CDB4E /* RMCharacterCollectionViewCell.swift in Sources */,
				7D5C319C2AE348FF00C81DE9 /* RMEpisodeViewController.swift in Sources */,
				7D5E85BC2AEEF6C700E6BE2D /* RMImageLoader.swift in Sources */,
				7D5C31762AE3423B00C81DE9 /* AppDelegate.swift in Sources */,
				7D5C31782AE3423B00C81DE9 /* SceneDelegate.swift in Sources */,
				7DD4574C2AF1BC8E001E8849 /* RMCharacterPhotoCollectionViewCellViewModel.swift in Sources */,
				7D785AB82AFC4D8600C9DD0D /* RMSettingsCellViewModel.swift in Sources */,
				7DD457452AF1BBAB001E8849 /* RMCharacterPhotoCollectionViewCell.swift in Sources */,
				7D5C319E2AE3491000C81DE9 /* RMSettingsViewController.swift in Sources */,
				7D8EF4462AE88B22004CDB4E /* Extensions.swift in Sources */,
				7DF2DD312AE7256700A59098 /* RMService.swift in Sources */,
				7D5C31912AE347D000C81DE9 /* RMLocation.swift in Sources */,
				7DF2DD352AE7277B00A59098 /* RMEndpoint.swift in Sources */,
				7D775A4E2AF46AFD003793DC /* RMEpisodeDetailViewController.swift in Sources */,
				7DB56F432AF5ADCD00598641 /* RMEpisodeDetailView.swift in Sources */,
				7D5C31932AE347E800C81DE9 /* RMCharacter.swift in Sources */,
				7D8EF44A2AE8B37A004CDB4E /* RMCharacterCollectionViewCellViewModel.swift in Sources */,
				7DF2DD332AE7258100A59098 /* RMRequest.swift in Sources */,
				7D8EF4422AE882FA004CDB4E /* RMCharacterListViewViewModel.swift in Sources */,
				7DD457492AF1BBFB001E8849 /* RMCharacterEpisodeCollectionViewCell.swift in Sources */,
				7D5C31982AE348C300C81DE9 /* RMCharacterViewController.swift in Sources */,
				7DB56F482AF5D55B00598641 /* RMEpisodeListViewViewModel.swift in Sources */,
				7DB56F3F2AF5988D00598641 /* RMAPICacheManager.swift in Sources */,
				7DEA76392AF99A35008FF6F5 /* RMGetAllEpisodesResponse.swift in Sources */,
				7D69F2E52AFAF7E5006ED872 /* RMEpisodeInfoCollectionViewCellViewModel.swift in Sources */,
				7D69F2E22AFAF776006ED872 /* RMEpisodeInfoCollectionViewCell.swift in Sources */,
				7DB56F412AF5AD1900598641 /* RMEpisodeDetailViewViewModel.swift in Sources */,
				7D09FD1D2AEB20E200B9171B /* RMCharacterDetailView.swift in Sources */,
			);
			runOnlyForDeploymentPostprocessing = 0;
		};
/* End PBXSourcesBuildPhase section */

/* Begin PBXVariantGroup section */
		7D5C31802AE3423F00C81DE9 /* LaunchScreen.storyboard */ = {
			isa = PBXVariantGroup;
			children = (
				7D5C31812AE3423F00C81DE9 /* Base */,
			);
			name = LaunchScreen.storyboard;
			sourceTree = "<group>";
		};
/* End PBXVariantGroup section */

/* Begin XCBuildConfiguration section */
		7D5C31842AE3423F00C81DE9 /* Debug */ = {
			isa = XCBuildConfiguration;
			buildSettings = {
				ALWAYS_SEARCH_USER_PATHS = NO;
				ASSETCATALOG_COMPILER_GENERATE_SWIFT_ASSET_SYMBOL_EXTENSIONS = YES;
				CLANG_ANALYZER_NONNULL = YES;
				CLANG_ANALYZER_NUMBER_OBJECT_CONVERSION = YES_AGGRESSIVE;
				CLANG_CXX_LANGUAGE_STANDARD = "gnu++20";
				CLANG_ENABLE_MODULES = YES;
				CLANG_ENABLE_OBJC_ARC = YES;
				CLANG_ENABLE_OBJC_WEAK = YES;
				CLANG_WARN_BLOCK_CAPTURE_AUTORELEASING = YES;
				CLANG_WARN_BOOL_CONVERSION = YES;
				CLANG_WARN_COMMA = YES;
				CLANG_WARN_CONSTANT_CONVERSION = YES;
				CLANG_WARN_DEPRECATED_OBJC_IMPLEMENTATIONS = YES;
				CLANG_WARN_DIRECT_OBJC_ISA_USAGE = YES_ERROR;
				CLANG_WARN_DOCUMENTATION_COMMENTS = YES;
				CLANG_WARN_EMPTY_BODY = YES;
				CLANG_WARN_ENUM_CONVERSION = YES;
				CLANG_WARN_INFINITE_RECURSION = YES;
				CLANG_WARN_INT_CONVERSION = YES;
				CLANG_WARN_NON_LITERAL_NULL_CONVERSION = YES;
				CLANG_WARN_OBJC_IMPLICIT_RETAIN_SELF = YES;
				CLANG_WARN_OBJC_LITERAL_CONVERSION = YES;
				CLANG_WARN_OBJC_ROOT_CLASS = YES_ERROR;
				CLANG_WARN_QUOTED_INCLUDE_IN_FRAMEWORK_HEADER = YES;
				CLANG_WARN_RANGE_LOOP_ANALYSIS = YES;
				CLANG_WARN_STRICT_PROTOTYPES = YES;
				CLANG_WARN_SUSPICIOUS_MOVE = YES;
				CLANG_WARN_UNGUARDED_AVAILABILITY = YES_AGGRESSIVE;
				CLANG_WARN_UNREACHABLE_CODE = YES;
				CLANG_WARN__DUPLICATE_METHOD_MATCH = YES;
				COPY_PHASE_STRIP = NO;
				DEBUG_INFORMATION_FORMAT = dwarf;
				ENABLE_STRICT_OBJC_MSGSEND = YES;
				ENABLE_TESTABILITY = YES;
				ENABLE_USER_SCRIPT_SANDBOXING = YES;
				GCC_C_LANGUAGE_STANDARD = gnu17;
				GCC_DYNAMIC_NO_PIC = NO;
				GCC_NO_COMMON_BLOCKS = YES;
				GCC_OPTIMIZATION_LEVEL = 0;
				GCC_PREPROCESSOR_DEFINITIONS = (
					"DEBUG=1",
					"$(inherited)",
				);
				GCC_WARN_64_TO_32_BIT_CONVERSION = YES;
				GCC_WARN_ABOUT_RETURN_TYPE = YES_ERROR;
				GCC_WARN_UNDECLARED_SELECTOR = YES;
				GCC_WARN_UNINITIALIZED_AUTOS = YES_AGGRESSIVE;
				GCC_WARN_UNUSED_FUNCTION = YES;
				GCC_WARN_UNUSED_VARIABLE = YES;
				IPHONEOS_DEPLOYMENT_TARGET = 17.0;
				LOCALIZATION_PREFERS_STRING_CATALOGS = YES;
				MTL_ENABLE_DEBUG_INFO = INCLUDE_SOURCE;
				MTL_FAST_MATH = YES;
				ONLY_ACTIVE_ARCH = YES;
				SDKROOT = iphoneos;
				SWIFT_ACTIVE_COMPILATION_CONDITIONS = "DEBUG $(inherited)";
				SWIFT_OPTIMIZATION_LEVEL = "-Onone";
			};
			name = Debug;
		};
		7D5C31852AE3423F00C81DE9 /* Release */ = {
			isa = XCBuildConfiguration;
			buildSettings = {
				ALWAYS_SEARCH_USER_PATHS = NO;
				ASSETCATALOG_COMPILER_GENERATE_SWIFT_ASSET_SYMBOL_EXTENSIONS = YES;
				CLANG_ANALYZER_NONNULL = YES;
				CLANG_ANALYZER_NUMBER_OBJECT_CONVERSION = YES_AGGRESSIVE;
				CLANG_CXX_LANGUAGE_STANDARD = "gnu++20";
				CLANG_ENABLE_MODULES = YES;
				CLANG_ENABLE_OBJC_ARC = YES;
				CLANG_ENABLE_OBJC_WEAK = YES;
				CLANG_WARN_BLOCK_CAPTURE_AUTORELEASING = YES;
				CLANG_WARN_BOOL_CONVERSION = YES;
				CLANG_WARN_COMMA = YES;
				CLANG_WARN_CONSTANT_CONVERSION = YES;
				CLANG_WARN_DEPRECATED_OBJC_IMPLEMENTATIONS = YES;
				CLANG_WARN_DIRECT_OBJC_ISA_USAGE = YES_ERROR;
				CLANG_WARN_DOCUMENTATION_COMMENTS = YES;
				CLANG_WARN_EMPTY_BODY = YES;
				CLANG_WARN_ENUM_CONVERSION = YES;
				CLANG_WARN_INFINITE_RECURSION = YES;
				CLANG_WARN_INT_CONVERSION = YES;
				CLANG_WARN_NON_LITERAL_NULL_CONVERSION = YES;
				CLANG_WARN_OBJC_IMPLICIT_RETAIN_SELF = YES;
				CLANG_WARN_OBJC_LITERAL_CONVERSION = YES;
				CLANG_WARN_OBJC_ROOT_CLASS = YES_ERROR;
				CLANG_WARN_QUOTED_INCLUDE_IN_FRAMEWORK_HEADER = YES;
				CLANG_WARN_RANGE_LOOP_ANALYSIS = YES;
				CLANG_WARN_STRICT_PROTOTYPES = YES;
				CLANG_WARN_SUSPICIOUS_MOVE = YES;
				CLANG_WARN_UNGUARDED_AVAILABILITY = YES_AGGRESSIVE;
				CLANG_WARN_UNREACHABLE_CODE = YES;
				CLANG_WARN__DUPLICATE_METHOD_MATCH = YES;
				COPY_PHASE_STRIP = NO;
				DEBUG_INFORMATION_FORMAT = "dwarf-with-dsym";
				ENABLE_NS_ASSERTIONS = NO;
				ENABLE_STRICT_OBJC_MSGSEND = YES;
				ENABLE_USER_SCRIPT_SANDBOXING = YES;
				GCC_C_LANGUAGE_STANDARD = gnu17;
				GCC_NO_COMMON_BLOCKS = YES;
				GCC_WARN_64_TO_32_BIT_CONVERSION = YES;
				GCC_WARN_ABOUT_RETURN_TYPE = YES_ERROR;
				GCC_WARN_UNDECLARED_SELECTOR = YES;
				GCC_WARN_UNINITIALIZED_AUTOS = YES_AGGRESSIVE;
				GCC_WARN_UNUSED_FUNCTION = YES;
				GCC_WARN_UNUSED_VARIABLE = YES;
				IPHONEOS_DEPLOYMENT_TARGET = 17.0;
				LOCALIZATION_PREFERS_STRING_CATALOGS = YES;
				MTL_ENABLE_DEBUG_INFO = NO;
				MTL_FAST_MATH = YES;
				SDKROOT = iphoneos;
				SWIFT_COMPILATION_MODE = wholemodule;
				VALIDATE_PRODUCT = YES;
			};
			name = Release;
		};
		7D5C31872AE3423F00C81DE9 /* Debug */ = {
			isa = XCBuildConfiguration;
			buildSettings = {
				ASSETCATALOG_COMPILER_APPICON_NAME = AppIcon;
				ASSETCATALOG_COMPILER_GLOBAL_ACCENT_COLOR_NAME = AccentColor;
				CODE_SIGN_STYLE = Automatic;
				CURRENT_PROJECT_VERSION = 1;
				GENERATE_INFOPLIST_FILE = YES;
				INFOPLIST_FILE = RickAndMorty/Info.plist;
				INFOPLIST_KEY_UIApplicationSupportsIndirectInputEvents = YES;
				INFOPLIST_KEY_UILaunchStoryboardName = LaunchScreen;
				INFOPLIST_KEY_UISupportedInterfaceOrientations_iPad = "UIInterfaceOrientationPortrait UIInterfaceOrientationPortraitUpsideDown UIInterfaceOrientationLandscapeLeft UIInterfaceOrientationLandscapeRight";
				INFOPLIST_KEY_UISupportedInterfaceOrientations_iPhone = "UIInterfaceOrientationPortrait UIInterfaceOrientationLandscapeLeft UIInterfaceOrientationLandscapeRight";
				IPHONEOS_DEPLOYMENT_TARGET = 16.6;
				LD_RUNPATH_SEARCH_PATHS = (
					"$(inherited)",
					"@executable_path/Frameworks",
				);
				MARKETING_VERSION = 1.0;
				PRODUCT_BUNDLE_IDENTIFIER = me.RickAndMorty;
				PRODUCT_NAME = "$(TARGET_NAME)";
				SWIFT_EMIT_LOC_STRINGS = YES;
				SWIFT_VERSION = 5.0;
				TARGETED_DEVICE_FAMILY = "1,2";
			};
			name = Debug;
		};
		7D5C31882AE3423F00C81DE9 /* Release */ = {
			isa = XCBuildConfiguration;
			buildSettings = {
				ASSETCATALOG_COMPILER_APPICON_NAME = AppIcon;
				ASSETCATALOG_COMPILER_GLOBAL_ACCENT_COLOR_NAME = AccentColor;
				CODE_SIGN_STYLE = Automatic;
				CURRENT_PROJECT_VERSION = 1;
				GENERATE_INFOPLIST_FILE = YES;
				INFOPLIST_FILE = RickAndMorty/Info.plist;
				INFOPLIST_KEY_UIApplicationSupportsIndirectInputEvents = YES;
				INFOPLIST_KEY_UILaunchStoryboardName = LaunchScreen;
				INFOPLIST_KEY_UISupportedInterfaceOrientations_iPad = "UIInterfaceOrientationPortrait UIInterfaceOrientationPortraitUpsideDown UIInterfaceOrientationLandscapeLeft UIInterfaceOrientationLandscapeRight";
				INFOPLIST_KEY_UISupportedInterfaceOrientations_iPhone = "UIInterfaceOrientationPortrait UIInterfaceOrientationLandscapeLeft UIInterfaceOrientationLandscapeRight";
				IPHONEOS_DEPLOYMENT_TARGET = 16.6;
				LD_RUNPATH_SEARCH_PATHS = (
					"$(inherited)",
					"@executable_path/Frameworks",
				);
				MARKETING_VERSION = 1.0;
				PRODUCT_BUNDLE_IDENTIFIER = me.RickAndMorty;
				PRODUCT_NAME = "$(TARGET_NAME)";
				SWIFT_EMIT_LOC_STRINGS = YES;
				SWIFT_VERSION = 5.0;
				TARGETED_DEVICE_FAMILY = "1,2";
			};
			name = Release;
		};
/* End XCBuildConfiguration section */

/* Begin XCConfigurationList section */
		7D5C316D2AE3423B00C81DE9 /* Build configuration list for PBXProject "RickAndMorty" */ = {
			isa = XCConfigurationList;
			buildConfigurations = (
				7D5C31842AE3423F00C81DE9 /* Debug */,
				7D5C31852AE3423F00C81DE9 /* Release */,
			);
			defaultConfigurationIsVisible = 0;
			defaultConfigurationName = Release;
		};
		7D5C31862AE3423F00C81DE9 /* Build configuration list for PBXNativeTarget "RickAndMorty" */ = {
			isa = XCConfigurationList;
			buildConfigurations = (
				7D5C31872AE3423F00C81DE9 /* Debug */,
				7D5C31882AE3423F00C81DE9 /* Release */,
			);
			defaultConfigurationIsVisible = 0;
			defaultConfigurationName = Release;
		};
/* End XCConfigurationList section */
	};
	rootObject = 7D5C316A2AE3423B00C81DE9 /* Project object */;
}
